
Microsoft Visual Studio Solution File, Format Version 12.00
# Visual Studio Version 17
VisualStudioVersion = 17.11.35327.3
MinimumVisualStudioVersion = 10.0.40219.1
Project("{2150E333-8FDC-42A3-9474-1A3956D46DE8}") = "Src", "Src", "{C8AF1877-3C74-455B-AA65-F43E52B0E7BE}"
EndProject
Project("{2150E333-8FDC-42A3-9474-1A3956D46DE8}") = "Common", "Common", "{E887E328-6329-4847-9324-772F62D6827B}"
EndProject
Project("{2150E333-8FDC-42A3-9474-1A3956D46DE8}") = "Presentation", "Presentation", "{5E25DA1C-C87A-424B-8908-27A66EBCAC7F}"
EndProject
Project("{2150E333-8FDC-42A3-9474-1A3956D46DE8}") = "Infrastructure", "Infrastructure", "{2E5042CF-AEC2-478F-AAB0-034FBE1DF88E}"
EndProject
Project("{2150E333-8FDC-42A3-9474-1A3956D46DE8}") = "Core", "Core", "{DAEC32A3-61FC-413F-B31E-7C40358D9A57}"
EndProject
Project("{FAE04EC0-301F-11D3-BF4B-00C04F79EFBC}") = "Common", "Src\Common\Common\Common.csproj", "{92040129-95EE-4571-9EC1-B06A8E28FC8C}"
EndProject
Project("{FAE04EC0-301F-11D3-BF4B-00C04F79EFBC}") = "Application", "Src\Core\Application\Application.csproj", "{B3C88B2C-E90E-4DDC-90F7-661AAC67A400}"
EndProject
Project("{FAE04EC0-301F-11D3-BF4B-00C04F79EFBC}") = "Domain", "Src\Core\Domain\Domain.csproj", "{AE9A8408-489B-43FD-940B-D26D21C39690}"
EndProject
Project("{FAE04EC0-301F-11D3-BF4B-00C04F79EFBC}") = "Infrastructure", "Src\Infrastructure\Infrastructure\Infrastructure.csproj", "{D3954349-5F23-4FA1-A8FC-F0B30EE464A4}"
EndProject
Project("{FAE04EC0-301F-11D3-BF4B-00C04F79EFBC}") = "Persistence", "Src\Infrastructure\Persistence\Persistence.csproj", "{DD53B67B-A89D-49E6-AA00-79ADDEFF2BB8}"
EndProject
Project("{FAE04EC0-301F-11D3-BF4B-00C04F79EFBC}") = "EndPoint.Api", "Src\Presentation\EndPoint.Api\EndPoint.Api.csproj", "{542E03E5-98F8-4E4A-A9F5-7B3C435CC421}"
EndProject
Global
	GlobalSection(SolutionConfigurationPlatforms) = preSolution
		Debug|Any CPU = Debug|Any CPU
		Release|Any CPU = Release|Any CPU
	EndGlobalSection
	GlobalSection(ProjectConfigurationPlatforms) = postSolution
		{92040129-95EE-4571-9EC1-B06A8E28FC8C}.Debug|Any CPU.ActiveCfg = Debug|Any CPU
		{92040129-95EE-4571-9EC1-B06A8E28FC8C}.Debug|Any CPU.Build.0 = Debug|Any CPU
		{92040129-95EE-4571-9EC1-B06A8E28FC8C}.Release|Any CPU.ActiveCfg = Release|Any CPU
		{92040129-95EE-4571-9EC1-B06A8E28FC8C}.Release|Any CPU.Build.0 = Release|Any CPU
		{B3C88B2C-E90E-4DDC-90F7-661AAC67A400}.Debug|Any CPU.ActiveCfg = Debug|Any CPU
		{B3C88B2C-E90E-4DDC-90F7-661AAC67A400}.Debug|Any CPU.Build.0 = Debug|Any CPU
		{B3C88B2C-E90E-4DDC-90F7-661AAC67A400}.Release|Any CPU.ActiveCfg = Release|Any CPU
		{B3C88B2C-E90E-4DDC-90F7-661AAC67A400}.Release|Any CPU.Build.0 = Release|Any CPU
		{AE9A8408-489B-43FD-940B-D26D21C39690}.Debug|Any CPU.ActiveCfg = Debug|Any CPU
		{AE9A8408-489B-43FD-940B-D26D21C39690}.Debug|Any CPU.Build.0 = Debug|Any CPU
		{AE9A8408-489B-43FD-940B-D26D21C39690}.Release|Any CPU.ActiveCfg = Release|Any CPU
		{AE9A8408-489B-43FD-940B-D26D21C39690}.Release|Any CPU.Build.0 = Release|Any CPU
		{D3954349-5F23-4FA1-A8FC-F0B30EE464A4}.Debug|Any CPU.ActiveCfg = Debug|Any CPU
		{D3954349-5F23-4FA1-A8FC-F0B30EE464A4}.Debug|Any CPU.Build.0 = Debug|Any CPU
		{D3954349-5F23-4FA1-A8FC-F0B30EE464A4}.Release|Any CPU.ActiveCfg = Release|Any CPU
		{D3954349-5F23-4FA1-A8FC-F0B30EE464A4}.Release|Any CPU.Build.0 = Release|Any CPU
		{DD53B67B-A89D-49E6-AA00-79ADDEFF2BB8}.Debug|Any CPU.ActiveCfg = Debug|Any CPU
		{DD53B67B-A89D-49E6-AA00-79ADDEFF2BB8}.Debug|Any CPU.Build.0 = Debug|Any CPU
		{DD53B67B-A89D-49E6-AA00-79ADDEFF2BB8}.Release|Any CPU.ActiveCfg = Release|Any CPU
		{DD53B67B-A89D-49E6-AA00-79ADDEFF2BB8}.Release|Any CPU.Build.0 = Release|Any CPU
		{542E03E5-98F8-4E4A-A9F5-7B3C435CC421}.Debug|Any CPU.ActiveCfg = Debug|Any CPU
		{542E03E5-98F8-4E4A-A9F5-7B3C435CC421}.Debug|Any CPU.Build.0 = Debug|Any CPU
		{542E03E5-98F8-4E4A-A9F5-7B3C435CC421}.Release|Any CPU.ActiveCfg = Release|Any CPU
		{542E03E5-98F8-4E4A-A9F5-7B3C435CC421}.Release|Any CPU.Build.0 = Release|Any CPU
	EndGlobalSection
	GlobalSection(SolutionProperties) = preSolution
		HideSolutionNode = FALSE
	EndGlobalSection
	GlobalSection(NestedProjects) = preSolution
		{E887E328-6329-4847-9324-772F62D6827B} = {C8AF1877-3C74-455B-AA65-F43E52B0E7BE}
		{5E25DA1C-C87A-424B-8908-27A66EBCAC7F} = {C8AF1877-3C74-455B-AA65-F43E52B0E7BE}
		{2E5042CF-AEC2-478F-AAB0-034FBE1DF88E} = {C8AF1877-3C74-455B-AA65-F43E52B0E7BE}
		{DAEC32A3-61FC-413F-B31E-7C40358D9A57} = {C8AF1877-3C74-455B-AA65-F43E52B0E7BE}
		{92040129-95EE-4571-9EC1-B06A8E28FC8C} = {E887E328-6329-4847-9324-772F62D6827B}
		{B3C88B2C-E90E-4DDC-90F7-661AAC67A400} = {DAEC32A3-61FC-413F-B31E-7C40358D9A57}
		{AE9A8408-489B-43FD-940B-D26D21C39690} = {DAEC32A3-61FC-413F-B31E-7C40358D9A57}
		{D3954349-5F23-4FA1-A8FC-F0B30EE464A4} = {2E5042CF-AEC2-478F-AAB0-034FBE1DF88E}
		{DD53B67B-A89D-49E6-AA00-79ADDEFF2BB8} = {2E5042CF-AEC2-478F-AAB0-034FBE1DF88E}
		{542E03E5-98F8-4E4A-A9F5-7B3C435CC421} = {5E25DA1C-C87A-424B-8908-27A66EBCAC7F}
	EndGlobalSection
	GlobalSection(ExtensibilityGlobals) = postSolution
		SolutionGuid = {D5E77D54-AE41-42A5-B87A-798938964A84}
	EndGlobalSection
EndGlobal
